
Microsoft Visual Studio Solution File, Format Version 12.00
# Visual Studio Version 16
VisualStudioVersion = 16.0.30711.63
MinimumVisualStudioVersion = 10.0.40219.1
Project("{9A19103F-16F7-4668-BE54-9A1E7A4F7556}") = "Unicorn.NUnit", "Unicorn.NUnit\Unicorn.NUnit.csproj", "{9179C96D-2EF2-4D5E-AC45-AFF2B0908B1B}"
EndProject
Project("{2150E333-8FDC-42A3-9474-1A3956D46DE8}") = "src", "src", "{069818B8-BD0A-4A77-92F2-1231B226856F}"
EndProject
Project("{2150E333-8FDC-42A3-9474-1A3956D46DE8}") = "tests", "tests", "{12C92E0F-5193-4DED-A2B9-BA3443EB8360}"
EndProject
Project("{9A19103F-16F7-4668-BE54-9A1E7A4F7556}") = "Unicorn.SystemTests", "Unicorn.SystemTests\Unicorn.SystemTests.csproj", "{6B04D222-C584-49A8-A8EF-98E7943F611B}"
EndProject
Project("{9A19103F-16F7-4668-BE54-9A1E7A4F7556}") = "Unicorn.Web", "Unicorn.Web\Unicorn.Web.csproj", "{F5A41379-57F4-4616-ACB5-C3D00A1F7246}"
EndProject
Project("{9A19103F-16F7-4668-BE54-9A1E7A4F7556}") = "Unicorn.Desktop", "Unicorn.Desktop\Unicorn.Desktop.csproj", "{FAA88C15-10F2-44BD-8FFF-B3D4B8D556E7}"
EndProject
Project("{9A19103F-16F7-4668-BE54-9A1E7A4F7556}") = "Unicorn.Mobile", "Unicorn.Mobile\Unicorn.Mobile.csproj", "{3137E1D7-5C99-4200-805F-8E1667A07E64}"
EndProject
Project("{9A19103F-16F7-4668-BE54-9A1E7A4F7556}") = "Unicorn.Rest", "Unicorn.Rest\Unicorn.Rest.csproj", "{9C114D05-A5DA-4932-B324-13872B4588CA}"
EndProject
Project("{9A19103F-16F7-4668-BE54-9A1E7A4F7556}") = "Unicorn.Container", "Unicorn.Container\Unicorn.Container.csproj", "{A0CC7E80-49A4-40BE-A763-AFF5AE6A7A47}"
EndProject
Project("{9A19103F-16F7-4668-BE54-9A1E7A4F7556}") = "Unicorn.App", "Unicorn.App\Unicorn.App.csproj", "{E82638C0-85EF-4F10-A25F-A65C88C2AF43}"
EndProject
Project("{9A19103F-16F7-4668-BE54-9A1E7A4F7556}") = "Unicorn.Configuration", "Unicorn.Configuration\Unicorn.Configuration.csproj", "{6F95C55C-D1AD-441B-88A1-BF817F077A73}"
EndProject
Project("{9A19103F-16F7-4668-BE54-9A1E7A4F7556}") = "Unicorn.Logging", "Unicorn.Logging\Unicorn.Logging.csproj", "{03F29F74-E4BF-4076-94C8-650449A2ED77}"
EndProject
Project("{2150E333-8FDC-42A3-9474-1A3956D46DE8}") = "core", "core", "{212BD6F3-AA08-41D0-ABC8-2FCFD30981E8}"
EndProject
Project("{2150E333-8FDC-42A3-9474-1A3956D46DE8}") = "web", "web", "{3BEF961D-A329-4E47-ADCF-B2E0C7D953FC}"
EndProject
Project("{2150E333-8FDC-42A3-9474-1A3956D46DE8}") = "mobile", "mobile", "{8EC04F98-6E8E-4FB3-A6B7-8E8101036391}"
EndProject
Project("{2150E333-8FDC-42A3-9474-1A3956D46DE8}") = "desktop", "desktop", "{0AB5D82B-EFA7-40E2-893F-5AF4BB65064E}"
EndProject
Project("{2150E333-8FDC-42A3-9474-1A3956D46DE8}") = "rest", "rest", "{2C669FA4-9010-4C88-A538-85650538CABC}"
EndProject
Project("{9A19103F-16F7-4668-BE54-9A1E7A4F7556}") = "Unicorn.Plugins", "Unicorn.Plugins\Unicorn.Plugins.csproj", "{36D135BC-35EA-4F2B-8DB2-D951E891704B}"
EndProject
Project("{9A19103F-16F7-4668-BE54-9A1E7A4F7556}") = "Unicorn.Plugins.Screenshot", "Unicorn.Plugins.Screenshots\Unicorn.Plugins.Screenshot.csproj", "{668DBFA4-E73A-4696-9A5D-5CD86E813AC2}"
EndProject
Project("{9A19103F-16F7-4668-BE54-9A1E7A4F7556}") = "Unicorn.Plugins.VideoRecording", "Unicorn.Plugins.VideoRecording\Unicorn.Plugins.VideoRecording.csproj", "{B2C1D2C7-B1F3-4985-9E1B-7D8467725EF7}"
EndProject
Project("{2150E333-8FDC-42A3-9474-1A3956D46DE8}") = "Solution Items", "Solution Items", "{669325E1-B288-4E27-81AB-5F048F4188B6}"
	ProjectSection(SolutionItems) = preProject
		.editorconfig = .editorconfig
		requirements.txt = requirements.txt
		sharedinfo.targets = sharedinfo.targets
		stylecop.json = stylecop.json
		StyleCopeRules.ruleset = StyleCopeRules.ruleset
		unicorn-icon.png = unicorn-icon.png
	EndProjectSection
EndProject
Project("{9A19103F-16F7-4668-BE54-9A1E7A4F7556}") = "Unicorn.Web.Plugins.Browser", "Unicorn.Web.Plugins.Browser\Unicorn.Web.Plugins.Browser.csproj", "{D5E05E15-9B15-44BA-8915-6F88131042A0}"
EndProject
Project("{9A19103F-16F7-4668-BE54-9A1E7A4F7556}") = "Unicorn.Desktop.Plugins", "Unicorn.Desktop.Plugins\Unicorn.Desktop.Plugins.csproj", "{E596D713-4A7E-4F07-B554-B0F31EF19986}"
EndProject
Project("{9A19103F-16F7-4668-BE54-9A1E7A4F7556}") = "Unicorn.Mobile.Plugins", "Unicorn.Mobile.Plugins\Unicorn.Mobile.Plugins.csproj", "{21F29F05-0994-4E99-ABB1-7720B7E96910}"
EndProject
Project("{9A19103F-16F7-4668-BE54-9A1E7A4F7556}") = "Unicorn.Rest.Plugins", "Unicorn.Rest.Plugins\Unicorn.Rest.Plugins.csproj", "{7B86CC06-179F-4F33-BD48-354E984FC8D9}"
EndProject
Project("{9A19103F-16F7-4668-BE54-9A1E7A4F7556}") = "Unicorn.Web.Proxy", "Unicorn.Web.Proxy\Unicorn.Web.Proxy.csproj", "{2372CF13-5763-48CA-B1D4-412F25433FB7}"
EndProject
Global
	GlobalSection(SolutionConfigurationPlatforms) = preSolution
		Debug|Any CPU = Debug|Any CPU
		Release|Any CPU = Release|Any CPU
	EndGlobalSection
	GlobalSection(ProjectConfigurationPlatforms) = postSolution
		{9179C96D-2EF2-4D5E-AC45-AFF2B0908B1B}.Debug|Any CPU.ActiveCfg = Debug|Any CPU
		{9179C96D-2EF2-4D5E-AC45-AFF2B0908B1B}.Debug|Any CPU.Build.0 = Debug|Any CPU
		{9179C96D-2EF2-4D5E-AC45-AFF2B0908B1B}.Release|Any CPU.ActiveCfg = Release|Any CPU
		{9179C96D-2EF2-4D5E-AC45-AFF2B0908B1B}.Release|Any CPU.Build.0 = Release|Any CPU
		{6B04D222-C584-49A8-A8EF-98E7943F611B}.Debug|Any CPU.ActiveCfg = Debug|Any CPU
		{6B04D222-C584-49A8-A8EF-98E7943F611B}.Debug|Any CPU.Build.0 = Debug|Any CPU
		{6B04D222-C584-49A8-A8EF-98E7943F611B}.Release|Any CPU.ActiveCfg = Release|Any CPU
		{6B04D222-C584-49A8-A8EF-98E7943F611B}.Release|Any CPU.Build.0 = Release|Any CPU
		{F5A41379-57F4-4616-ACB5-C3D00A1F7246}.Debug|Any CPU.ActiveCfg = Debug|Any CPU
		{F5A41379-57F4-4616-ACB5-C3D00A1F7246}.Debug|Any CPU.Build.0 = Debug|Any CPU
		{F5A41379-57F4-4616-ACB5-C3D00A1F7246}.Release|Any CPU.ActiveCfg = Release|Any CPU
		{F5A41379-57F4-4616-ACB5-C3D00A1F7246}.Release|Any CPU.Build.0 = Release|Any CPU
		{FAA88C15-10F2-44BD-8FFF-B3D4B8D556E7}.Debug|Any CPU.ActiveCfg = Debug|Any CPU
		{FAA88C15-10F2-44BD-8FFF-B3D4B8D556E7}.Debug|Any CPU.Build.0 = Debug|Any CPU
		{FAA88C15-10F2-44BD-8FFF-B3D4B8D556E7}.Release|Any CPU.ActiveCfg = Release|Any CPU
		{FAA88C15-10F2-44BD-8FFF-B3D4B8D556E7}.Release|Any CPU.Build.0 = Release|Any CPU
		{3137E1D7-5C99-4200-805F-8E1667A07E64}.Debug|Any CPU.ActiveCfg = Debug|Any CPU
		{3137E1D7-5C99-4200-805F-8E1667A07E64}.Debug|Any CPU.Build.0 = Debug|Any CPU
		{3137E1D7-5C99-4200-805F-8E1667A07E64}.Release|Any CPU.ActiveCfg = Release|Any CPU
		{3137E1D7-5C99-4200-805F-8E1667A07E64}.Release|Any CPU.Build.0 = Release|Any CPU
		{9C114D05-A5DA-4932-B324-13872B4588CA}.Debug|Any CPU.ActiveCfg = Debug|Any CPU
		{9C114D05-A5DA-4932-B324-13872B4588CA}.Debug|Any CPU.Build.0 = Debug|Any CPU
		{9C114D05-A5DA-4932-B324-13872B4588CA}.Release|Any CPU.ActiveCfg = Release|Any CPU
		{9C114D05-A5DA-4932-B324-13872B4588CA}.Release|Any CPU.Build.0 = Release|Any CPU
		{A0CC7E80-49A4-40BE-A763-AFF5AE6A7A47}.Debug|Any CPU.ActiveCfg = Debug|Any CPU
		{A0CC7E80-49A4-40BE-A763-AFF5AE6A7A47}.Debug|Any CPU.Build.0 = Debug|Any CPU
		{A0CC7E80-49A4-40BE-A763-AFF5AE6A7A47}.Release|Any CPU.ActiveCfg = Release|Any CPU
		{A0CC7E80-49A4-40BE-A763-AFF5AE6A7A47}.Release|Any CPU.Build.0 = Release|Any CPU
		{E82638C0-85EF-4F10-A25F-A65C88C2AF43}.Debug|Any CPU.ActiveCfg = Debug|Any CPU
		{E82638C0-85EF-4F10-A25F-A65C88C2AF43}.Debug|Any CPU.Build.0 = Debug|Any CPU
		{E82638C0-85EF-4F10-A25F-A65C88C2AF43}.Release|Any CPU.ActiveCfg = Release|Any CPU
		{E82638C0-85EF-4F10-A25F-A65C88C2AF43}.Release|Any CPU.Build.0 = Release|Any CPU
		{6F95C55C-D1AD-441B-88A1-BF817F077A73}.Debug|Any CPU.ActiveCfg = Debug|Any CPU
		{6F95C55C-D1AD-441B-88A1-BF817F077A73}.Debug|Any CPU.Build.0 = Debug|Any CPU
		{6F95C55C-D1AD-441B-88A1-BF817F077A73}.Release|Any CPU.ActiveCfg = Release|Any CPU
		{6F95C55C-D1AD-441B-88A1-BF817F077A73}.Release|Any CPU.Build.0 = Release|Any CPU
		{03F29F74-E4BF-4076-94C8-650449A2ED77}.Debug|Any CPU.ActiveCfg = Debug|Any CPU
		{03F29F74-E4BF-4076-94C8-650449A2ED77}.Debug|Any CPU.Build.0 = Debug|Any CPU
		{03F29F74-E4BF-4076-94C8-650449A2ED77}.Release|Any CPU.ActiveCfg = Release|Any CPU
		{03F29F74-E4BF-4076-94C8-650449A2ED77}.Release|Any CPU.Build.0 = Release|Any CPU
		{36D135BC-35EA-4F2B-8DB2-D951E891704B}.Debug|Any CPU.ActiveCfg = Debug|Any CPU
		{36D135BC-35EA-4F2B-8DB2-D951E891704B}.Debug|Any CPU.Build.0 = Debug|Any CPU
		{36D135BC-35EA-4F2B-8DB2-D951E891704B}.Release|Any CPU.ActiveCfg = Release|Any CPU
		{36D135BC-35EA-4F2B-8DB2-D951E891704B}.Release|Any CPU.Build.0 = Release|Any CPU
		{668DBFA4-E73A-4696-9A5D-5CD86E813AC2}.Debug|Any CPU.ActiveCfg = Debug|Any CPU
		{668DBFA4-E73A-4696-9A5D-5CD86E813AC2}.Debug|Any CPU.Build.0 = Debug|Any CPU
		{668DBFA4-E73A-4696-9A5D-5CD86E813AC2}.Release|Any CPU.ActiveCfg = Release|Any CPU
		{668DBFA4-E73A-4696-9A5D-5CD86E813AC2}.Release|Any CPU.Build.0 = Release|Any CPU
		{B2C1D2C7-B1F3-4985-9E1B-7D8467725EF7}.Debug|Any CPU.ActiveCfg = Debug|Any CPU
		{B2C1D2C7-B1F3-4985-9E1B-7D8467725EF7}.Debug|Any CPU.Build.0 = Debug|Any CPU
		{B2C1D2C7-B1F3-4985-9E1B-7D8467725EF7}.Release|Any CPU.ActiveCfg = Release|Any CPU
		{B2C1D2C7-B1F3-4985-9E1B-7D8467725EF7}.Release|Any CPU.Build.0 = Release|Any CPU
		{D5E05E15-9B15-44BA-8915-6F88131042A0}.Debug|Any CPU.ActiveCfg = Debug|Any CPU
		{D5E05E15-9B15-44BA-8915-6F88131042A0}.Debug|Any CPU.Build.0 = Debug|Any CPU
		{D5E05E15-9B15-44BA-8915-6F88131042A0}.Release|Any CPU.ActiveCfg = Release|Any CPU
		{D5E05E15-9B15-44BA-8915-6F88131042A0}.Release|Any CPU.Build.0 = Release|Any CPU
		{E596D713-4A7E-4F07-B554-B0F31EF19986}.Debug|Any CPU.ActiveCfg = Debug|Any CPU
		{E596D713-4A7E-4F07-B554-B0F31EF19986}.Debug|Any CPU.Build.0 = Debug|Any CPU
		{E596D713-4A7E-4F07-B554-B0F31EF19986}.Release|Any CPU.ActiveCfg = Release|Any CPU
		{E596D713-4A7E-4F07-B554-B0F31EF19986}.Release|Any CPU.Build.0 = Release|Any CPU
		{21F29F05-0994-4E99-ABB1-7720B7E96910}.Debug|Any CPU.ActiveCfg = Debug|Any CPU
		{21F29F05-0994-4E99-ABB1-7720B7E96910}.Debug|Any CPU.Build.0 = Debug|Any CPU
		{21F29F05-0994-4E99-ABB1-7720B7E96910}.Release|Any CPU.ActiveCfg = Release|Any CPU
		{21F29F05-0994-4E99-ABB1-7720B7E96910}.Release|Any CPU.Build.0 = Release|Any CPU
		{7B86CC06-179F-4F33-BD48-354E984FC8D9}.Debug|Any CPU.ActiveCfg = Debug|Any CPU
		{7B86CC06-179F-4F33-BD48-354E984FC8D9}.Debug|Any CPU.Build.0 = Debug|Any CPU
		{7B86CC06-179F-4F33-BD48-354E984FC8D9}.Release|Any CPU.ActiveCfg = Release|Any CPU
		{7B86CC06-179F-4F33-BD48-354E984FC8D9}.Release|Any CPU.Build.0 = Release|Any CPU
		{2372CF13-5763-48CA-B1D4-412F25433FB7}.Debug|Any CPU.ActiveCfg = Debug|Any CPU
		{2372CF13-5763-48CA-B1D4-412F25433FB7}.Debug|Any CPU.Build.0 = Debug|Any CPU
		{2372CF13-5763-48CA-B1D4-412F25433FB7}.Release|Any CPU.ActiveCfg = Release|Any CPU
		{2372CF13-5763-48CA-B1D4-412F25433FB7}.Release|Any CPU.Build.0 = Release|Any CPU
	EndGlobalSection
	GlobalSection(SolutionProperties) = preSolution
		HideSolutionNode = FALSE
	EndGlobalSection
	GlobalSection(NestedProjects) = preSolution
		{9179C96D-2EF2-4D5E-AC45-AFF2B0908B1B} = {212BD6F3-AA08-41D0-ABC8-2FCFD30981E8}
		{6B04D222-C584-49A8-A8EF-98E7943F611B} = {12C92E0F-5193-4DED-A2B9-BA3443EB8360}
		{F5A41379-57F4-4616-ACB5-C3D00A1F7246} = {3BEF961D-A329-4E47-ADCF-B2E0C7D953FC}
		{FAA88C15-10F2-44BD-8FFF-B3D4B8D556E7} = {0AB5D82B-EFA7-40E2-893F-5AF4BB65064E}
		{3137E1D7-5C99-4200-805F-8E1667A07E64} = {8EC04F98-6E8E-4FB3-A6B7-8E8101036391}
		{9C114D05-A5DA-4932-B324-13872B4588CA} = {2C669FA4-9010-4C88-A538-85650538CABC}
		{A0CC7E80-49A4-40BE-A763-AFF5AE6A7A47} = {212BD6F3-AA08-41D0-ABC8-2FCFD30981E8}
		{E82638C0-85EF-4F10-A25F-A65C88C2AF43} = {212BD6F3-AA08-41D0-ABC8-2FCFD30981E8}
		{6F95C55C-D1AD-441B-88A1-BF817F077A73} = {212BD6F3-AA08-41D0-ABC8-2FCFD30981E8}
		{03F29F74-E4BF-4076-94C8-650449A2ED77} = {212BD6F3-AA08-41D0-ABC8-2FCFD30981E8}
		{212BD6F3-AA08-41D0-ABC8-2FCFD30981E8} = {069818B8-BD0A-4A77-92F2-1231B226856F}
		{3BEF961D-A329-4E47-ADCF-B2E0C7D953FC} = {069818B8-BD0A-4A77-92F2-1231B226856F}
		{8EC04F98-6E8E-4FB3-A6B7-8E8101036391} = {069818B8-BD0A-4A77-92F2-1231B226856F}
		{0AB5D82B-EFA7-40E2-893F-5AF4BB65064E} = {069818B8-BD0A-4A77-92F2-1231B226856F}
		{2C669FA4-9010-4C88-A538-85650538CABC} = {069818B8-BD0A-4A77-92F2-1231B226856F}
		{36D135BC-35EA-4F2B-8DB2-D951E891704B} = {212BD6F3-AA08-41D0-ABC8-2FCFD30981E8}
		{668DBFA4-E73A-4696-9A5D-5CD86E813AC2} = {212BD6F3-AA08-41D0-ABC8-2FCFD30981E8}
		{B2C1D2C7-B1F3-4985-9E1B-7D8467725EF7} = {212BD6F3-AA08-41D0-ABC8-2FCFD30981E8}
		{D5E05E15-9B15-44BA-8915-6F88131042A0} = {3BEF961D-A329-4E47-ADCF-B2E0C7D953FC}
		{E596D713-4A7E-4F07-B554-B0F31EF19986} = {0AB5D82B-EFA7-40E2-893F-5AF4BB65064E}
		{21F29F05-0994-4E99-ABB1-7720B7E96910} = {8EC04F98-6E8E-4FB3-A6B7-8E8101036391}
		{7B86CC06-179F-4F33-BD48-354E984FC8D9} = {2C669FA4-9010-4C88-A538-85650538CABC}
		{2372CF13-5763-48CA-B1D4-412F25433FB7} = {3BEF961D-A329-4E47-ADCF-B2E0C7D953FC}
	EndGlobalSection
	GlobalSection(ExtensibilityGlobals) = postSolution
		SolutionGuid = {8D097603-4404-4397-B1D7-281C8D0A5866}
	EndGlobalSection
EndGlobal
